{
    "_readme": [
        "This file locks the dependencies of your project to a known state",
        "Read more about it at https://getcomposer.org/doc/01-basic-usage.md#installing-dependencies",
        "This file is @generated automatically"
    ],
    "content-hash": "6d8723e32f9e6b0a629b1d4f60d40463",
    "packages": [
        {
            "name": "dragonmantank/cron-expression",
            "version": "v2.3.0",
            "source": {
                "type": "git",
                "url": "https://github.com/dragonmantank/cron-expression.git",
                "reference": "72b6fbf76adb3cf5bc0db68559b33d41219aba27"
            },
            "dist": {
                "type": "zip",
                "url": "https://api.github.com/repos/dragonmantank/cron-expression/zipball/72b6fbf76adb3cf5bc0db68559b33d41219aba27",
                "reference": "72b6fbf76adb3cf5bc0db68559b33d41219aba27",
                "shasum": ""
            },
            "require": {
                "php": "^7.0"
            },
            "require-dev": {
                "phpunit/phpunit": "^6.4|^7.0"
            },
            "type": "library",
            "extra": {
                "branch-alias": {
                    "dev-master": "2.3-dev"
                }
            },
            "autoload": {
                "psr-4": {
                    "Cron\\": "src/Cron/"
                }
            },
            "notification-url": "https://packagist.org/downloads/",
            "license": [
                "MIT"
            ],
            "authors": [
                {
                    "name": "Michael Dowling",
                    "email": "mtdowling@gmail.com",
                    "homepage": "https://github.com/mtdowling"
                },
                {
                    "name": "Chris Tankersley",
                    "email": "chris@ctankersley.com",
                    "homepage": "https://github.com/dragonmantank"
                }
            ],
            "description": "CRON for PHP: Calculate the next or previous run date and determine if a CRON expression is due",
            "keywords": [
                "cron",
                "schedule"
            ],
            "time": "2019-03-31T00:38:28+00:00"
        },
        {
            "name": "easyswoole/component",
            "version": "1.6.0",
            "source": {
                "type": "git",
                "url": "https://github.com/easy-swoole/component.git",
                "reference": "f483ad49b251bfb1b5f783e21714a5f576aaa8eb"
            },
            "dist": {
                "type": "zip",
                "url": "https://api.github.com/repos/easy-swoole/component/zipball/f483ad49b251bfb1b5f783e21714a5f576aaa8eb",
                "reference": "f483ad49b251bfb1b5f783e21714a5f576aaa8eb",
                "shasum": ""
            },
            "require": {
                "easyswoole/utility": "^1.0",
                "ext-swoole": "^4.3.0",
                "php": ">=7.1.0"
            },
            "require-dev": {
                "easyswoole/phpunit": "^1.0",
                "easyswoole/swoole-ide-helper": "^1.2"
            },
            "type": "library",
            "autoload": {
                "psr-4": {
                    "EasySwoole\\Component\\": "src/",
                    "EasySwoole\\Component\\Tests\\": "Tests/"
                }
            },
            "notification-url": "https://packagist.org/downloads/",
            "license": [
                "Apache-2.0"
            ],
            "authors": [
                {
                    "name": "YF",
                    "email": "291323003@qq.com"
                }
            ],
            "description": "easyswoole component",
            "homepage": "https://www.easyswoole.com/",
            "keywords": [
                "async",
                "easyswoole",
                "framework",
                "swoole"
            ],
            "time": "2019-05-18T03:40:27+00:00"
        },
        {
            "name": "easyswoole/console",
            "version": "1.0.2",
            "source": {
                "type": "git",
                "url": "https://github.com/easy-swoole/console.git",
                "reference": "e7153da3b351c4d1cf74ddcf5ab53a516647dbf9"
            },
            "dist": {
                "type": "zip",
                "url": "https://api.github.com/repos/easy-swoole/console/zipball/e7153da3b351c4d1cf74ddcf5ab53a516647dbf9",
                "reference": "e7153da3b351c4d1cf74ddcf5ab53a516647dbf9",
                "shasum": ""
            },
            "require": {
                "easyswoole/component": "^1.5",
                "easyswoole/socket": "^1.1",
                "easyswoole/spl": "^1.1",
                "ext-swoole": ">=4.2.13",
                "php": ">=7.1.0"
            },
            "require-dev": {
                "easyswoole/swoole-ide-helper": "^1.2"
            },
            "type": "library",
            "autoload": {
                "psr-4": {
                    "EasySwoole\\Console\\": "src/"
                }
            },
            "notification-url": "https://packagist.org/downloads/",
            "license": [
                "Apache-2.0"
            ],
            "authors": [
                {
                    "name": "YF",
                    "email": "291323003@qq.com"
                }
            ],
            "description": "An efficient swoole framework",
            "homepage": "https://www.easyswoole.com/",
            "keywords": [
                "async",
                "easyswoole",
                "framework",
                "swoole"
            ],
            "time": "2019-03-08T13:49:44+00:00"
        },
        {
            "name": "easyswoole/easyswoole",
            "version": "3.2.2",
            "source": {
                "type": "git",
                "url": "https://github.com/easy-swoole/easyswoole.git",
                "reference": "bae7ff81326212c9eb206aa06f71c04ccf52da3a"
            },
            "dist": {
                "type": "zip",
                "url": "https://api.github.com/repos/easy-swoole/easyswoole/zipball/bae7ff81326212c9eb206aa06f71c04ccf52da3a",
                "reference": "bae7ff81326212c9eb206aa06f71c04ccf52da3a",
                "shasum": ""
            },
            "require": {
                "dragonmantank/cron-expression": "^2.2",
                "easyswoole/component": "^1.0",
                "easyswoole/console": "^1.0",
                "easyswoole/http": "^1.0",
                "easyswoole/socket": "^1.0",
                "easyswoole/spl": "^1.0",
                "easyswoole/trace": "^1.0",
                "easyswoole/utility": "^1.0",
                "ext-swoole": ">=4.3.0",
                "jeremeamia/superclosure": "^2.4",
                "php": ">=7.1.0"
            },
            "require-dev": {
                "easyswoole/swoole-ide-helper": "^1.2"
            },
            "bin": [
                "bin/easyswoole"
            ],
            "type": "library",
            "autoload": {
                "psr-4": {
                    "EasySwoole\\EasySwoole\\": "src/"
                }
            },
            "notification-url": "https://packagist.org/downloads/",
            "license": [
                "Apache-2.0"
            ],
            "authors": [
                {
                    "name": "YF",
                    "email": "291323003@qq.com"
                }
            ],
            "description": "An efficient swoole framework",
            "homepage": "https://www.easyswoole.com/",
            "keywords": [
                "async",
                "easyswoole",
                "framework",
                "swoole"
            ],
            "time": "2019-05-13T07:13:24+00:00"
        },
        {
            "name": "easyswoole/http",
            "version": "1.2.18",
            "source": {
                "type": "git",
                "url": "https://github.com/easy-swoole/http.git",
                "reference": "12657d5e8ebf9527ca2ba8c7588f6ac59e097620"
            },
            "dist": {
                "type": "zip",
                "url": "https://api.github.com/repos/easy-swoole/http/zipball/12657d5e8ebf9527ca2ba8c7588f6ac59e097620",
                "reference": "12657d5e8ebf9527ca2ba8c7588f6ac59e097620",
                "shasum": ""
            },
            "require": {
                "easyswoole/component": "^1.0",
                "easyswoole/spl": "^1.0",
                "easyswoole/validate": "^1.1",
                "ext-swoole": "^4.0",
                "nikic/fast-route": "^1.3",
                "php": ">=7.1.0",
                "psr/http-message": "*"
            },
            "require-dev": {
                "easyswoole/swoole-ide-helper": "^1.0"
            },
            "type": "library",
            "autoload": {
                "psr-4": {
                    "EasySwoole\\Http\\": "src/"
                }
            },
            "notification-url": "https://packagist.org/downloads/",
            "license": [
                "Apache-2.0"
            ],
            "authors": [
                {
                    "name": "YF",
                    "email": "291323003@qq.com"
                }
            ],
            "description": "An efficient swoole framework",
            "homepage": "https://www.easyswoole.com/",
            "keywords": [
                "async",
                "easyswoole",
                "framework",
                "swoole"
            ],
            "time": "2019-05-16T07:23:06+00:00"
        },
        {
            "name": "easyswoole/mysqli",
            "version": "1.1.17",
            "source": {
                "type": "git",
                "url": "https://github.com/easy-swoole/mysqli.git",
                "reference": "6c0013e9b41b09ce6e2c5eee3be5cde89c53fd52"
            },
            "dist": {
                "type": "zip",
                "url": "https://api.github.com/repos/easy-swoole/mysqli/zipball/6c0013e9b41b09ce6e2c5eee3be5cde89c53fd52",
                "reference": "6c0013e9b41b09ce6e2c5eee3be5cde89c53fd52",
                "shasum": ""
            },
            "require": {
                "easyswoole/spl": "^1.0"
            },
            "require-dev": {
                "easyswoole/swoole-ide-helper": "^1.2"
            },
            "type": "library",
            "autoload": {
                "psr-4": {
                    "EasySwoole\\Mysqli\\": "src/"
                }
            },
            "notification-url": "https://packagist.org/downloads/",
            "license": [
                "Apache-2.0"
            ],
            "authors": [
                {
                    "name": "YF",
                    "email": "291323003@qq.com"
                }
            ],
            "description": "An efficient swoole framework",
            "homepage": "https://www.easyswoole.com/",
            "keywords": [
                "async",
                "easyswoole",
                "framework",
                "swoole"
            ],
            "time": "2019-05-17T13:06:54+00:00"
        },
        {
            "name": "easyswoole/socket",
            "version": "1.1.9",
            "source": {
                "type": "git",
                "url": "https://github.com/easy-swoole/socket.git",
                "reference": "356bfde050dc0f0567f32821e8eaf5a4058b486a"
            },
            "dist": {
                "type": "zip",
                "url": "https://api.github.com/repos/easy-swoole/socket/zipball/356bfde050dc0f0567f32821e8eaf5a4058b486a",
                "reference": "356bfde050dc0f0567f32821e8eaf5a4058b486a",
                "shasum": ""
            },
            "require": {
                "easyswoole/spl": "^1.0",
                "easyswoole/trace": "^1.1",
                "php": ">=7.1.0"
            },
            "require-dev": {
                "easyswoole/swoole-ide-helper": "dev-master",
                "phpunit/phpunit": "^5.6"
            },
            "type": "library",
            "autoload": {
                "psr-4": {
                    "EasySwoole\\Socket\\": "src/"
                }
            },
            "notification-url": "https://packagist.org/downloads/",
            "license": [
                "Apache-2.0"
            ],
            "authors": [
                {
                    "name": "YF",
                    "email": "291323003@qq.com"
                }
            ],
            "description": "An efficient swoole framework",
            "homepage": "https://www.easyswoole.com/",
            "keywords": [
                "async",
                "easyswoole",
                "framework",
                "swoole"
            ],
            "time": "2019-04-18T06:58:21+00:00"
        },
        {
            "name": "easyswoole/spl",
            "version": "1.1.12",
            "source": {
                "type": "git",
                "url": "https://github.com/easy-swoole/spl.git",
                "reference": "b5003e6c73d361f097d06e348011e42dd588cac8"
            },
            "dist": {
                "type": "zip",
                "url": "https://api.github.com/repos/easy-swoole/spl/zipball/b5003e6c73d361f097d06e348011e42dd588cac8",
                "reference": "b5003e6c73d361f097d06e348011e42dd588cac8",
                "shasum": ""
            },
            "require": {
                "php": ">=7.1.0"
            },
            "require-dev": {
                "phpunit/phpunit": "^8.1"
            },
            "type": "library",
            "autoload": {
                "psr-4": {
                    "EasySwoole\\Spl\\": "src/"
                }
            },
            "notification-url": "https://packagist.org/downloads/",
            "license": [
                "Apache-2.0"
            ],
            "authors": [
                {
                    "name": "YF",
                    "email": "291323003@qq.com"
                }
            ],
            "description": "php stander lib",
            "homepage": "https://www.easyswoole.com/",
            "keywords": [
                "async",
                "easyswoole",
                "framework",
                "swoole"
            ],
            "time": "2019-05-05T08:43:06+00:00"
        },
        {
            "name": "easyswoole/swoole-ide-helper",
            "version": "1.2.1",
            "source": {
                "type": "git",
                "url": "https://github.com/easy-swoole/ide-helper.git",
                "reference": "a6c7e013934b0663e1dac41cdc5dc5c85534c331"
            },
            "dist": {
                "type": "zip",
                "url": "https://api.github.com/repos/easy-swoole/ide-helper/zipball/a6c7e013934b0663e1dac41cdc5dc5c85534c331",
                "reference": "a6c7e013934b0663e1dac41cdc5dc5c85534c331",
                "shasum": ""
            },
            "type": "library",
            "notification-url": "https://packagist.org/downloads/",
            "license": [
                "Apache-2.0"
            ],
            "authors": [
                {
                    "name": "Team Swoole",
                    "email": "team@swoole.com"
                }
            ],
            "description": "swoole-ide-helper",
            "time": "2018-12-25T07:27:15+00:00"
        },
        {
            "name": "easyswoole/trace",
            "version": "1.1.17",
            "source": {
                "type": "git",
                "url": "https://github.com/easy-swoole/trace.git",
                "reference": "57f589b5b2bbd2c94e30a9aee715a1a13e3ea50c"
            },
            "dist": {
                "type": "zip",
                "url": "https://api.github.com/repos/easy-swoole/trace/zipball/57f589b5b2bbd2c94e30a9aee715a1a13e3ea50c",
                "reference": "57f589b5b2bbd2c94e30a9aee715a1a13e3ea50c",
                "shasum": ""
            },
            "require": {
                "php": ">=7.1.0"
            },
            "type": "library",
            "autoload": {
                "psr-4": {
                    "EasySwoole\\Trace\\": "src/"
                }
            },
            "notification-url": "https://packagist.org/downloads/",
            "license": [
                "Apache-2.0"
            ],
            "authors": [
                {
                    "name": "YF",
                    "email": "291323003@qq.com"
                }
            ],
            "description": "An efficient swoole framework",
            "homepage": "https://www.easyswoole.com/",
            "keywords": [
                "async",
                "easyswoole",
                "framework",
                "swoole"
            ],
            "time": "2019-02-25T02:32:05+00:00"
        },
        {
            "name": "easyswoole/utility",
            "version": "1.0.9",
            "source": {
                "type": "git",
                "url": "https://github.com/easy-swoole/utility.git",
                "reference": "11bf7d3604fc2bf1753354e5f6cf30417fcdf39b"
            },
            "dist": {
                "type": "zip",
                "url": "https://api.github.com/repos/easy-swoole/utility/zipball/11bf7d3604fc2bf1753354e5f6cf30417fcdf39b",
                "reference": "11bf7d3604fc2bf1753354e5f6cf30417fcdf39b",
                "shasum": ""
            },
            "require": {
                "php": ">=7.1.0"
            },
            "type": "library",
            "autoload": {
                "psr-4": {
                    "EasySwoole\\Utility\\": "src/"
                }
            },
            "notification-url": "https://packagist.org/downloads/",
            "license": [
                "Apache-2.0"
            ],
            "authors": [
                {
                    "name": "evalor",
                    "email": "mipone@foxmail.com"
                }
            ],
            "description": "easyswoole extension tool library",
            "time": "2019-03-07T07:14:29+00:00"
        },
        {
            "name": "easyswoole/validate",
            "version": "1.1.7",
            "source": {
                "type": "git",
                "url": "https://github.com/easy-swoole/validate.git",
                "reference": "2896d74f53a105330d6c0aafa6fecee075efc838"
            },
            "dist": {
                "type": "zip",
                "url": "https://api.github.com/repos/easy-swoole/validate/zipball/2896d74f53a105330d6c0aafa6fecee075efc838",
                "reference": "2896d74f53a105330d6c0aafa6fecee075efc838",
                "shasum": ""
            },
            "require": {
                "easyswoole/spl": "^1.0",
                "php": ">=7.1.0"
            },
            "require-dev": {
                "phpunit/phpunit": "^7.4"
            },
            "type": "library",
            "autoload": {
                "psr-4": {
                    "EasySwoole\\Validate\\": "src/"
                }
            },
            "notification-url": "https://packagist.org/downloads/",
            "license": [
                "Apache-2.0"
            ],
            "authors": [
                {
                    "name": "YF",
                    "email": "291323003@qq.com"
                }
            ],
            "description": "An efficient swoole framework",
            "homepage": "https://www.easyswoole.com/",
            "keywords": [
                "async",
                "easyswoole",
                "framework",
                "swoole"
            ],
            "time": "2019-04-19T15:29:59+00:00"
        },
        {
            "name": "jeremeamia/SuperClosure",
            "version": "2.4.0",
            "source": {
                "type": "git",
                "url": "https://github.com/jeremeamia/super_closure.git",
                "reference": "5707d5821b30b9a07acfb4d76949784aaa0e9ce9"
            },
            "dist": {
                "type": "zip",
                "url": "https://api.github.com/repos/jeremeamia/super_closure/zipball/5707d5821b30b9a07acfb4d76949784aaa0e9ce9",
                "reference": "5707d5821b30b9a07acfb4d76949784aaa0e9ce9",
                "shasum": ""
            },
            "require": {
                "nikic/php-parser": "^1.2|^2.0|^3.0|^4.0",
                "php": ">=5.4",
                "symfony/polyfill-php56": "^1.0"
            },
            "require-dev": {
                "phpunit/phpunit": "^4.0|^5.0"
            },
            "type": "library",
            "extra": {
                "branch-alias": {
                    "dev-master": "2.4-dev"
                }
            },
            "autoload": {
                "psr-4": {
                    "SuperClosure\\": "src/"
                }
            },
            "notification-url": "https://packagist.org/downloads/",
            "license": [
                "MIT"
            ],
            "authors": [
                {
                    "name": "Jeremy Lindblom",
                    "email": "jeremeamia@gmail.com",
                    "homepage": "https://github.com/jeremeamia",
                    "role": "Developer"
                }
            ],
            "description": "Serialize Closure objects, including their context and binding",
            "homepage": "https://github.com/jeremeamia/super_closure",
            "keywords": [
                "closure",
                "function",
                "lambda",
                "parser",
                "serializable",
                "serialize",
                "tokenizer"
            ],
            "time": "2018-03-21T22:21:57+00:00"
        },
        {
            "name": "nikic/fast-route",
            "version": "v1.3.0",
            "source": {
                "type": "git",
                "url": "https://github.com/nikic/FastRoute.git",
                "reference": "181d480e08d9476e61381e04a71b34dc0432e812"
            },
            "dist": {
                "type": "zip",
                "url": "https://api.github.com/repos/nikic/FastRoute/zipball/181d480e08d9476e61381e04a71b34dc0432e812",
                "reference": "181d480e08d9476e61381e04a71b34dc0432e812",
                "shasum": ""
            },
            "require": {
                "php": ">=5.4.0"
            },
            "require-dev": {
                "phpunit/phpunit": "^4.8.35|~5.7"
            },
            "type": "library",
            "autoload": {
                "psr-4": {
                    "FastRoute\\": "src/"
                },
                "files": [
                    "src/functions.php"
                ]
            },
            "notification-url": "https://packagist.org/downloads/",
            "license": [
                "BSD-3-Clause"
            ],
            "authors": [
                {
                    "name": "Nikita Popov",
                    "email": "nikic@php.net"
                }
            ],
            "description": "Fast request router for PHP",
            "keywords": [
                "router",
                "routing"
            ],
            "time": "2018-02-13T20:26:39+00:00"
        },
        {
            "name": "nikic/php-parser",
            "version": "v4.2.1",
            "source": {
                "type": "git",
                "url": "https://github.com/nikic/PHP-Parser.git",
                "reference": "5221f49a608808c1e4d436df32884cbc1b821ac0"
            },
            "dist": {
                "type": "zip",
                "url": "https://api.github.com/repos/nikic/PHP-Parser/zipball/5221f49a608808c1e4d436df32884cbc1b821ac0",
                "reference": "5221f49a608808c1e4d436df32884cbc1b821ac0",
                "shasum": ""
            },
            "require": {
                "ext-tokenizer": "*",
                "php": ">=7.0"
            },
            "require-dev": {
                "phpunit/phpunit": "^6.5 || ^7.0"
            },
            "bin": [
                "bin/php-parse"
            ],
            "type": "library",
            "extra": {
                "branch-alias": {
                    "dev-master": "4.2-dev"
                }
            },
            "autoload": {
                "psr-4": {
                    "PhpParser\\": "lib/PhpParser"
                }
            },
            "notification-url": "https://packagist.org/downloads/",
            "license": [
                "BSD-3-Clause"
            ],
            "authors": [
                {
                    "name": "Nikita Popov"
                }
            ],
            "description": "A PHP parser written in PHP",
            "keywords": [
                "parser",
                "php"
            ],
            "time": "2019-02-16T20:54:15+00:00"
        },
        {
            "name": "psr/http-message",
            "version": "1.0.1",
            "source": {
                "type": "git",
                "url": "https://github.com/php-fig/http-message.git",
                "reference": "f6561bf28d520154e4b0ec72be95418abe6d9363"
            },
            "dist": {
                "type": "zip",
                "url": "https://api.github.com/repos/php-fig/http-message/zipball/f6561bf28d520154e4b0ec72be95418abe6d9363",
                "reference": "f6561bf28d520154e4b0ec72be95418abe6d9363",
                "shasum": ""
            },
            "require": {
                "php": ">=5.3.0"
            },
            "type": "library",
            "extra": {
                "branch-alias": {
                    "dev-master": "1.0.x-dev"
                }
            },
            "autoload": {
                "psr-4": {
                    "Psr\\Http\\Message\\": "src/"
                }
            },
            "notification-url": "https://packagist.org/downloads/",
            "license": [
                "MIT"
            ],
            "authors": [
                {
                    "name": "PHP-FIG",
                    "homepage": "http://www.php-fig.org/"
                }
            ],
            "description": "Common interface for HTTP messages",
            "homepage": "https://github.com/php-fig/http-message",
            "keywords": [
                "http",
                "http-message",
                "psr",
                "psr-7",
                "request",
                "response"
            ],
            "time": "2016-08-06T14:39:51+00:00"
        },
        {
            "name": "qiniu/php-sdk",
            "version": "v7.2.7",
            "source": {
                "type": "git",
                "url": "https://github.com/qiniu/php-sdk.git",
                "reference": "88d11a5857ebc6871204e9be6ceec54bf5f381e6"
            },
            "dist": {
                "type": "zip",
                "url": "https://api.github.com/repos/qiniu/php-sdk/zipball/88d11a5857ebc6871204e9be6ceec54bf5f381e6",
                "reference": "88d11a5857ebc6871204e9be6ceec54bf5f381e6",
                "shasum": ""
            },
            "require": {
                "php": ">=5.3.3"
            },
            "require-dev": {
                "phpunit/phpunit": "~4.0",
                "squizlabs/php_codesniffer": "~2.3"
            },
            "type": "library",
            "autoload": {
                "psr-4": {
                    "Qiniu\\": "src/Qiniu"
                },
                "files": [
                    "src/Qiniu/functions.php"
                ]
            },
            "notification-url": "https://packagist.org/downloads/",
            "license": [
                "MIT"
            ],
            "authors": [
                {
                    "name": "Qiniu",
                    "email": "sdk@qiniu.com",
                    "homepage": "http://www.qiniu.com"
                }
            ],
            "description": "Qiniu Resource (Cloud) Storage SDK for PHP",
            "homepage": "http://developer.qiniu.com/",
            "keywords": [
                "cloud",
                "qiniu",
                "sdk",
                "storage"
            ],
            "time": "2018-11-06T13:34:32+00:00"
        },
        {
            "name": "symfony/polyfill-php56",
            "version": "v1.11.0",
            "source": {
                "type": "git",
                "url": "https://github.com/symfony/polyfill-php56.git",
                "reference": "f4dddbc5c3471e1b700a147a20ae17cdb72dbe42"
            },
            "dist": {
                "type": "zip",
                "url": "https://api.github.com/repos/symfony/polyfill-php56/zipball/f4dddbc5c3471e1b700a147a20ae17cdb72dbe42",
                "reference": "f4dddbc5c3471e1b700a147a20ae17cdb72dbe42",
                "shasum": ""
            },
            "require": {
                "php": ">=5.3.3",
                "symfony/polyfill-util": "~1.0"
            },
            "type": "library",
            "extra": {
                "branch-alias": {
                    "dev-master": "1.11-dev"
                }
            },
            "autoload": {
                "psr-4": {
                    "Symfony\\Polyfill\\Php56\\": ""
                },
                "files": [
                    "bootstrap.php"
                ]
            },
            "notification-url": "https://packagist.org/downloads/",
            "license": [
                "MIT"
            ],
            "authors": [
                {
                    "name": "Nicolas Grekas",
                    "email": "p@tchwork.com"
                },
                {
                    "name": "Symfony Community",
                    "homepage": "https://symfony.com/contributors"
                }
            ],
            "description": "Symfony polyfill backporting some PHP 5.6+ features to lower PHP versions",
            "homepage": "https://symfony.com",
            "keywords": [
                "compatibility",
                "polyfill",
                "portable",
                "shim"
            ],
            "time": "2019-02-06T07:57:58+00:00"
        },
        {
            "name": "symfony/polyfill-util",
            "version": "v1.11.0",
            "source": {
                "type": "git",
                "url": "https://github.com/symfony/polyfill-util.git",
                "reference": "b46c6cae28a3106735323f00a0c38eccf2328897"
            },
            "dist": {
                "type": "zip",
                "url": "https://api.github.com/repos/symfony/polyfill-util/zipball/b46c6cae28a3106735323f00a0c38eccf2328897",
                "reference": "b46c6cae28a3106735323f00a0c38eccf2328897",
                "shasum": ""
            },
            "require": {
                "php": ">=5.3.3"
            },
            "type": "library",
            "extra": {
                "branch-alias": {
                    "dev-master": "1.11-dev"
                }
            },
            "autoload": {
                "psr-4": {
                    "Symfony\\Polyfill\\Util\\": ""
                }
            },
            "notification-url": "https://packagist.org/downloads/",
            "license": [
                "MIT"
            ],
            "authors": [
                {
                    "name": "Nicolas Grekas",
                    "email": "p@tchwork.com"
                },
                {
                    "name": "Symfony Community",
                    "homepage": "https://symfony.com/contributors"
                }
            ],
            "description": "Symfony utilities for portability of PHP codes",
            "homepage": "https://symfony.com",
            "keywords": [
                "compat",
                "compatibility",
                "polyfill",
                "shim"
            ],
            "time": "2019-02-08T14:16:39+00:00"
        },
        {
            "name": "topthink/think-template",
            "version": "v2.0.1",
            "source": {
                "type": "git",
                "url": "https://github.com/top-think/think-template.git",
                "reference": "aee66382c62610b11f0694df8b2aef1ba32f064d"
            },
            "dist": {
                "type": "zip",
                "url": "https://api.github.com/repos/top-think/think-template/zipball/aee66382c62610b11f0694df8b2aef1ba32f064d",
                "reference": "aee66382c62610b11f0694df8b2aef1ba32f064d",
                "shasum": ""
            },
            "require": {
                "php": ">=7.1.0"
            },
            "type": "library",
            "autoload": {
                "psr-4": {
                    "think\\": "src"
                }
            },
            "notification-url": "https://packagist.org/downloads/",
            "license": [
                "Apache-2.0"
            ],
            "authors": [
                {
                    "name": "liu21st",
                    "email": "liu21st@gmail.com"
                }
            ],
            "description": "the php template engine",
            "time": "2019-02-20T06:02:13+00:00"
        }
    ],
    "packages-dev": [],
    "aliases": [],
    "minimum-stability": "stable",
    "stability-flags": [],
    "prefer-stable": false,
    "prefer-lowest": false,
    "platform": {
        "ext-json": "*"
    },
    "platform-dev": []
}
